<?xml version="1.0" encoding="utf-8"?>
<Project ToolsVersion="4.0" xmlns="http://schemas.microsoft.com/developer/msbuild/2003">
  <ItemGroup>
    <Filter Include="源文件">
      <UniqueIdentifier>{4FC737F1-C7A5-4376-A066-2A32D752A2FF}</UniqueIdentifier>
      <Extensions>cpp;c;cc;cxx;def;odl;idl;hpj;bat;asm;asmx</Extensions>
    </Filter>
    <Filter Include="头文件">
      <UniqueIdentifier>{93995380-89BD-4b04-88EB-625FBE52EBFB}</UniqueIdentifier>
      <Extensions>h;hh;hpp;hxx;hm;inl;inc;ipp;xsd</Extensions>
    </Filter>
    <Filter Include="资源文件">
      <UniqueIdentifier>{67DA6AB6-F800-4c08-8B7A-83BB121AAD01}</UniqueIdentifier>
      <Extensions>rc;ico;cur;bmp;dlg;rc2;rct;bin;rgs;gif;jpg;jpeg;jpe;resx;tiff;tif;png;wav;mfcribbon-ms</Extensions>
    </Filter>
    <Filter Include="源文件\Core">
      <UniqueIdentifier>{a7544856-77d5-4745-9614-0ae37337d366}</UniqueIdentifier>
    </Filter>
    <Filter Include="头文件\Core">
      <UniqueIdentifier>{df6e9446-6454-44f0-9435-aafd7cd7d5ea}</UniqueIdentifier>
    </Filter>
    <Filter Include="imgui">
      <UniqueIdentifier>{175a77c3-a7c9-4a52-8f0b-e5d18172a210}</UniqueIdentifier>
    </Filter>
    <Filter Include="头文件\Editor">
      <UniqueIdentifier>{367f0123-08a8-40a2-b58d-119defcba4ce}</UniqueIdentifier>
    </Filter>
    <Filter Include="源文件\Editor">
      <UniqueIdentifier>{36d34979-2bee-4223-8781-60f7857475ac}</UniqueIdentifier>
    </Filter>
    <Filter Include="sample">
      <UniqueIdentifier>{bcdd2a7f-d5bd-4a1f-a2f5-fa51b688f9aa}</UniqueIdentifier>
    </Filter>
    <Filter Include="头文件\Editor\Extension">
      <UniqueIdentifier>{fe713089-bfb8-47c0-8a9d-3ba596ac3b26}</UniqueIdentifier>
    </Filter>
    <Filter Include="头文件\Editor\Core">
      <UniqueIdentifier>{edaebce1-4913-40fb-acc9-8d2e98358b87}</UniqueIdentifier>
    </Filter>
    <Filter Include="源文件\Editor\Core">
      <UniqueIdentifier>{5eb7801e-7af4-4dd4-9c3c-dab5bbc9b4f7}</UniqueIdentifier>
    </Filter>
    <Filter Include="源文件\Editor\Extension">
      <UniqueIdentifier>{db84209b-136e-410e-a674-9f7559a35b33}</UniqueIdentifier>
    </Filter>
    <Filter Include="源文件\Core\Graphic">
      <UniqueIdentifier>{1c33747b-6e04-4b34-be2c-55a359979394}</UniqueIdentifier>
    </Filter>
    <Filter Include="头文件\Core\Renderer">
      <UniqueIdentifier>{8417e728-098a-441c-aa59-8d557be53742}</UniqueIdentifier>
    </Filter>
    <Filter Include="头文件\Core\Renderer\Particle">
      <UniqueIdentifier>{073f3d63-76d8-4778-8924-a604b88fb190}</UniqueIdentifier>
    </Filter>
    <Filter Include="头文件\Core\Renderer\FontEngine">
      <UniqueIdentifier>{a7c46a00-93e4-4214-b7a9-6758aa85c12e}</UniqueIdentifier>
    </Filter>
    <Filter Include="头文件\Core\Renderer\PostProcessing">
      <UniqueIdentifier>{5104e45f-37a0-4d03-9ca8-809154ec09d4}</UniqueIdentifier>
    </Filter>
    <Filter Include="头文件\Core\Renderer\PBR">
      <UniqueIdentifier>{51658189-b7f3-4937-a012-4a7de170ae81}</UniqueIdentifier>
    </Filter>
    <Filter Include="头文件\Core\Renderer\BasicModule">
      <UniqueIdentifier>{4a68e9b3-62d7-4eeb-8af7-e7495fa614aa}</UniqueIdentifier>
    </Filter>
    <Filter Include="头文件\Core\Renderer\Skybox">
      <UniqueIdentifier>{adb59730-9b52-42cf-8bf6-80c5ee80c064}</UniqueIdentifier>
    </Filter>
    <Filter Include="源文件\Core\Renderer">
      <UniqueIdentifier>{9f7be10b-2e85-4424-9335-213f7056fc3c}</UniqueIdentifier>
    </Filter>
    <Filter Include="源文件\Core\Renderer\Particle">
      <UniqueIdentifier>{531a95ec-ea93-4322-85cc-7f28d1eeca7a}</UniqueIdentifier>
    </Filter>
    <Filter Include="源文件\Core\Renderer\FontEngine">
      <UniqueIdentifier>{6336b372-bddb-4ac7-8e09-782b5e0c6ba4}</UniqueIdentifier>
    </Filter>
    <Filter Include="源文件\Core\Renderer\PostProcessing">
      <UniqueIdentifier>{a6ceda8c-2cec-445a-a73f-2c51bcf212f8}</UniqueIdentifier>
    </Filter>
    <Filter Include="源文件\Core\Renderer\PBR">
      <UniqueIdentifier>{4988deb2-a691-4547-86f0-2cd5f7c2f063}</UniqueIdentifier>
    </Filter>
    <Filter Include="源文件\Core\Renderer\Skybox">
      <UniqueIdentifier>{9e76461d-83e1-4b80-a39a-72f202e32524}</UniqueIdentifier>
    </Filter>
    <Filter Include="源文件\Core\Renderer\BasicModule">
      <UniqueIdentifier>{b7145ba1-7213-4102-ad8c-33259d492491}</UniqueIdentifier>
    </Filter>
    <Filter Include="头文件\Core\Color">
      <UniqueIdentifier>{0d301c87-fbef-4d36-a2aa-f8a336b3851c}</UniqueIdentifier>
    </Filter>
    <Filter Include="头文件\Core\Camera">
      <UniqueIdentifier>{352fe263-a766-408c-9b31-d715bd5b3e58}</UniqueIdentifier>
    </Filter>
    <Filter Include="头文件\Core\Lights">
      <UniqueIdentifier>{ae737206-edba-420c-9ee4-63ae86a3811b}</UniqueIdentifier>
    </Filter>
    <Filter Include="源文件\Core\Camera">
      <UniqueIdentifier>{0c779de1-6c86-4b1b-8044-b228fcc082be}</UniqueIdentifier>
    </Filter>
    <Filter Include="源文件\Core\Color">
      <UniqueIdentifier>{3971ca43-a8f9-4cb2-adb6-68460cf4dc9b}</UniqueIdentifier>
    </Filter>
    <Filter Include="头文件\Editor\Gizmos">
      <UniqueIdentifier>{f5e7357a-2958-4d8f-a5e1-cc9e0987fed5}</UniqueIdentifier>
    </Filter>
    <Filter Include="源文件\Editor\Gizmos">
      <UniqueIdentifier>{8e9c9f8a-2a6b-4591-adec-e5481cf0d0a6}</UniqueIdentifier>
    </Filter>
    <Filter Include="源文件\Core\Lights">
      <UniqueIdentifier>{f55a8eae-ccd3-4a04-97fb-53f1e59b744e}</UniqueIdentifier>
    </Filter>
    <Filter Include="头文件\Core\Graphic">
      <UniqueIdentifier>{348e7b9a-c33a-4ec9-9753-996d07a9137b}</UniqueIdentifier>
    </Filter>
    <Filter Include="头文件\Extension">
      <UniqueIdentifier>{22d7c6c0-734a-4b61-87a7-c0abf7f5d6b1}</UniqueIdentifier>
    </Filter>
    <Filter Include="头文件\Extension\Input">
      <UniqueIdentifier>{aef72551-4c84-4874-b4df-60f13294fef6}</UniqueIdentifier>
    </Filter>
    <Filter Include="头文件\Extension\IO">
      <UniqueIdentifier>{7b950726-4764-44aa-83e7-8c492e6f59c8}</UniqueIdentifier>
    </Filter>
    <Filter Include="头文件\Extension\Math">
      <UniqueIdentifier>{ec9c527c-c224-44c2-83e2-becba78b12c1}</UniqueIdentifier>
    </Filter>
    <Filter Include="头文件\Extension\Resources">
      <UniqueIdentifier>{1524a16a-1578-4a10-aed3-88d17f167ab4}</UniqueIdentifier>
    </Filter>
    <Filter Include="头文件\Extension\Scene">
      <UniqueIdentifier>{32a16426-388a-4069-b23b-77c9884db740}</UniqueIdentifier>
    </Filter>
    <Filter Include="头文件\Extension\tools">
      <UniqueIdentifier>{e704b80b-701b-4ff6-a134-c023d1efff60}</UniqueIdentifier>
    </Filter>
    <Filter Include="头文件\Extension\tools\shader">
      <UniqueIdentifier>{ecea9c46-2903-4f70-87a1-a77378bb712d}</UniqueIdentifier>
    </Filter>
    <Filter Include="头文件\Core\2D">
      <UniqueIdentifier>{d8b1cab3-384a-48e7-af92-c62adfc45f20}</UniqueIdentifier>
    </Filter>
    <Filter Include="源文件\Extension">
      <UniqueIdentifier>{1d689603-a5eb-4fbf-b9be-6a3a2085e647}</UniqueIdentifier>
    </Filter>
    <Filter Include="源文件\Extension\Input">
      <UniqueIdentifier>{2325503c-e978-4941-88b3-6670256eac98}</UniqueIdentifier>
    </Filter>
    <Filter Include="源文件\Extension\IO">
      <UniqueIdentifier>{5d387d4b-1a62-4c79-889b-a9f0947b2273}</UniqueIdentifier>
    </Filter>
    <Filter Include="源文件\Extension\Math">
      <UniqueIdentifier>{e527aa6f-b1ea-4d70-9c32-86dfc6d27eff}</UniqueIdentifier>
    </Filter>
    <Filter Include="源文件\Extension\Resources">
      <UniqueIdentifier>{134945e3-25fa-43b7-859d-29492a89dd5b}</UniqueIdentifier>
    </Filter>
    <Filter Include="源文件\Extension\Scene">
      <UniqueIdentifier>{a776fe27-bf17-4f1d-a281-12e543f89ea3}</UniqueIdentifier>
    </Filter>
    <Filter Include="头文件\Extension\Serialize">
      <UniqueIdentifier>{18097b3d-864a-4bd1-9023-c0aa0321b411}</UniqueIdentifier>
    </Filter>
    <Filter Include="源文件\Extension\Serialize">
      <UniqueIdentifier>{8e1bf7e8-e546-4501-a461-6e576a64bc5e}</UniqueIdentifier>
    </Filter>
    <Filter Include="源文件\Extension\tools">
      <UniqueIdentifier>{d8de3a7c-8924-4eb0-a1ae-ef9d3040890a}</UniqueIdentifier>
    </Filter>
    <Filter Include="源文件\Extension\tools\shader">
      <UniqueIdentifier>{dfea89ca-4160-407f-9333-fa97a5d29506}</UniqueIdentifier>
    </Filter>
    <Filter Include="头文件\Extension\Timer">
      <UniqueIdentifier>{ea201e8a-e35a-43b6-8242-e19c46c9b5fd}</UniqueIdentifier>
    </Filter>
    <Filter Include="源文件\Extension\Timer">
      <UniqueIdentifier>{c87c853f-a366-41f6-aeb2-25bbab6406d0}</UniqueIdentifier>
    </Filter>
    <Filter Include="源文件\Core\2D">
      <UniqueIdentifier>{0d8568de-e33b-4397-907d-e09456cf0689}</UniqueIdentifier>
    </Filter>
    <Filter Include="头文件\Extension\Camera">
      <UniqueIdentifier>{bb69e8d1-dfd5-4e4d-90fe-561a843ca202}</UniqueIdentifier>
    </Filter>
    <Filter Include="源文件\Extension\Camera">
      <UniqueIdentifier>{63f576f4-2751-478f-8f9b-a039d23dd781}</UniqueIdentifier>
    </Filter>
    <Filter Include="头文件\Core\Physical">
      <UniqueIdentifier>{b224904e-dceb-44b8-90b9-59e98963ffc2}</UniqueIdentifier>
    </Filter>
    <Filter Include="源文件\Core\Physical">
      <UniqueIdentifier>{9e67be82-a61e-4504-8ad7-cc8134cc6389}</UniqueIdentifier>
    </Filter>
    <Filter Include="头文件\Core\Physical\Picking">
      <UniqueIdentifier>{8692357d-039b-4353-89c9-8485793de1db}</UniqueIdentifier>
    </Filter>
    <Filter Include="源文件\Core\Physical\Picking">
      <UniqueIdentifier>{d30131e1-42c3-4393-b01c-330f1efac06a}</UniqueIdentifier>
    </Filter>
  </ItemGroup>
  <ItemGroup>
    <ResourceCompile Include="spring.rc">
      <Filter>资源文件</Filter>
    </ResourceCompile>
  </ItemGroup>
  <ItemGroup>
    <Image Include="small.ico">
      <Filter>资源文件</Filter>
    </Image>
    <Image Include="spring.ico">
      <Filter>资源文件</Filter>
    </Image>
  </ItemGroup>
  <ItemGroup>
    <ClInclude Include="spring.h">
      <Filter>头文件</Filter>
    </ClInclude>
    <ClInclude Include="Skybox.h">
      <Filter>头文件\Core\Renderer\Skybox</Filter>
    </ClInclude>
    <ClInclude Include="Input.h">
      <Filter>头文件\Extension\Input</Filter>
    </ClInclude>
    <ClInclude Include="FileIO.h">
      <Filter>头文件\Extension\IO</Filter>
    </ClInclude>
    <ClInclude Include="NotImplementException.h">
      <Filter>头文件\Extension</Filter>
    </ClInclude>
    <ClInclude Include="Light.h">
      <Filter>头文件\Core\Lights</Filter>
    </ClInclude>
    <ClInclude Include="Resource.h">
      <Filter>头文件</Filter>
    </ClInclude>
    <ClInclude Include="Resources.h">
      <Filter>头文件\Extension\Resources</Filter>
    </ClInclude>
    <ClInclude Include="Scene.h">
      <Filter>头文件\Extension\Scene</Filter>
    </ClInclude>
    <ClInclude Include="Vector3.h">
      <Filter>头文件\Extension\Math</Filter>
    </ClInclude>
    <ClInclude Include="Vector2.h">
      <Filter>头文件\Extension\Math</Filter>
    </ClInclude>
    <ClInclude Include="Vector4.h">
      <Filter>头文件\Extension\Math</Filter>
    </ClInclude>
    <ClInclude Include="Mathf.h">
      <Filter>头文件\Extension\Math</Filter>
    </ClInclude>
    <ClInclude Include="Gizmos.h">
      <Filter>头文件\Editor\Gizmos</Filter>
    </ClInclude>
    <ClInclude Include="AxisHelper.h">
      <Filter>头文件\Editor\Gizmos</Filter>
    </ClInclude>
    <ClInclude Include="Camera.h">
      <Filter>头文件\Core\Camera</Filter>
    </ClInclude>
    <ClInclude Include="Color.h">
      <Filter>头文件\Core\Color</Filter>
    </ClInclude>
    <ClInclude Include="Colorf.h">
      <Filter>头文件\Core\Color</Filter>
    </ClInclude>
    <ClInclude Include="Matrix4x4.h">
      <Filter>头文件\Extension\Math</Filter>
    </ClInclude>
    <ClInclude Include="Quaternion.h">
      <Filter>头文件\Extension\Math</Filter>
    </ClInclude>
    <ClInclude Include="Matrix2x2.h">
      <Filter>头文件\Extension\Math</Filter>
    </ClInclude>
    <ClInclude Include="SpringEngine.h">
      <Filter>头文件\Core</Filter>
    </ClInclude>
    <ClInclude Include="Application.h">
      <Filter>头文件\Core</Filter>
    </ClInclude>
    <ClInclude Include="Matrix4x4Sample.h">
      <Filter>sample</Filter>
    </ClInclude>
    <ClInclude Include="Sample.h">
      <Filter>sample</Filter>
    </ClInclude>
    <ClInclude Include="Example.h">
      <Filter>sample</Filter>
    </ClInclude>
    <ClInclude Include="Image.h">
      <Filter>头文件\Core\2D</Filter>
    </ClInclude>
    <ClInclude Include="UIElement.h">
      <Filter>头文件\Core\2D</Filter>
    </ClInclude>
    <ClInclude Include="GUI.h">
      <Filter>头文件\Core\2D</Filter>
    </ClInclude>
    <ClInclude Include="Rect.h">
      <Filter>头文件\Core\2D</Filter>
    </ClInclude>
    <ClInclude Include="FontEngine.h">
      <Filter>头文件\Core\Renderer\FontEngine</Filter>
    </ClInclude>
    <ClInclude Include="Character.h">
      <Filter>头文件\Core\Renderer\FontEngine</Filter>
    </ClInclude>
    <ClInclude Include="Font.h">
      <Filter>头文件\Core\Renderer\FontEngine</Filter>
    </ClInclude>
    <ClInclude Include="Text.h">
      <Filter>头文件\Core\2D</Filter>
    </ClInclude>
    <ClInclude Include="InstancedTechnology.h">
      <Filter>sample</Filter>
    </ClInclude>
    <ClInclude Include="PostProcessing.h">
      <Filter>头文件\Core\Renderer\PostProcessing</Filter>
    </ClInclude>
    <ClInclude Include="AntiAliasing.h">
      <Filter>头文件\Core\Renderer\PostProcessing</Filter>
    </ClInclude>
    <ClInclude Include="Bloom.h">
      <Filter>头文件\Core\Renderer\PostProcessing</Filter>
    </ClInclude>
    <ClInclude Include="imgui.h">
      <Filter>imgui</Filter>
    </ClInclude>
    <ClInclude Include="imgui_internal.h">
      <Filter>imgui</Filter>
    </ClInclude>
    <ClInclude Include="imconfig.h">
      <Filter>imgui</Filter>
    </ClInclude>
    <ClInclude Include="imgui_impl_opengl3.h">
      <Filter>imgui</Filter>
    </ClInclude>
    <ClInclude Include="imgui_impl_glfw.h">
      <Filter>imgui</Filter>
    </ClInclude>
    <ClInclude Include="GUILayout.h">
      <Filter>头文件\Core\2D</Filter>
    </ClInclude>
    <ClInclude Include="Selection.h">
      <Filter>头文件\Editor</Filter>
    </ClInclude>
    <ClInclude Include="Cursor.h">
      <Filter>头文件\Extension\Input</Filter>
    </ClInclude>
    <ClInclude Include="physically_based_rendering.h">
      <Filter>sample</Filter>
    </ClInclude>
    <ClInclude Include="PhysicsBasedRendering.h">
      <Filter>头文件\Core\Renderer\PBR</Filter>
    </ClInclude>
    <ClInclude Include="ParticleRenderer.h">
      <Filter>头文件\Core\Renderer\Particle</Filter>
    </ClInclude>
    <ClInclude Include="Particle.h">
      <Filter>头文件\Core\Renderer\Particle</Filter>
    </ClInclude>
    <ClInclude Include="Graphic.h">
      <Filter>头文件\Core\Graphic</Filter>
    </ClInclude>
    <ClInclude Include="ParticleShapeModule.h">
      <Filter>头文件\Core\Renderer\Particle</Filter>
    </ClInclude>
    <ClInclude Include="EditorWindow.h">
      <Filter>头文件\Editor\Core</Filter>
    </ClInclude>
    <ClInclude Include="HierarchyWindow.h">
      <Filter>头文件\Editor\Core</Filter>
    </ClInclude>
    <ClInclude Include="InspectorWindow.h">
      <Filter>头文件\Editor\Core</Filter>
    </ClInclude>
    <ClInclude Include="SceneWindow.h">
      <Filter>头文件\Editor\Core</Filter>
    </ClInclude>
    <ClInclude Include="ParticleRendererEditor.h">
      <Filter>头文件\Editor\Extension</Filter>
    </ClInclude>
    <ClInclude Include="InspectorEditor.h">
      <Filter>头文件\Editor\Extension</Filter>
    </ClInclude>
    <ClInclude Include="ShaderCompiler.h">
      <Filter>头文件\Extension\tools\shader</Filter>
    </ClInclude>
    <ClInclude Include="MaterialEditor.h">
      <Filter>头文件\Editor\Extension</Filter>
    </ClInclude>
    <ClInclude Include="misc.h">
      <Filter>头文件\Extension\tools</Filter>
    </ClInclude>
    <ClInclude Include="FullScreenRenderer.h">
      <Filter>头文件\Core\Renderer</Filter>
    </ClInclude>
    <ClInclude Include="InstancedRenderer.h">
      <Filter>头文件\Core\Renderer</Filter>
    </ClInclude>
    <ClInclude Include="Texture.h">
      <Filter>头文件\Extension\Resources</Filter>
    </ClInclude>
    <ClInclude Include="Cubemap.h">
      <Filter>头文件\Extension\Resources</Filter>
    </ClInclude>
    <ClInclude Include="SpringEditor.h">
      <Filter>头文件\Editor</Filter>
    </ClInclude>
    <ClInclude Include="Object.h">
      <Filter>头文件\Core\Renderer\BasicModule</Filter>
    </ClInclude>
    <ClInclude Include="Node.h">
      <Filter>头文件\Core\Renderer\BasicModule</Filter>
    </ClInclude>
    <ClInclude Include="MeshRenderer.h">
      <Filter>头文件\Core\Renderer\BasicModule</Filter>
    </ClInclude>
    <ClInclude Include="Mesh.h">
      <Filter>头文件\Core\Renderer\BasicModule</Filter>
    </ClInclude>
    <ClInclude Include="Material.h">
      <Filter>头文件\Core\Renderer\BasicModule</Filter>
    </ClInclude>
    <ClInclude Include="FrameBufferObject.h">
      <Filter>头文件\Core\Renderer\BasicModule</Filter>
    </ClInclude>
    <ClInclude Include="UniformBuffer.h">
      <Filter>头文件\Core\Renderer\BasicModule</Filter>
    </ClInclude>
    <ClInclude Include="Renderable.h">
      <Filter>头文件\Core\Renderer\BasicModule</Filter>
    </ClInclude>
    <ClInclude Include="RenderOrder.h">
      <Filter>头文件\Core\Renderer\BasicModule</Filter>
    </ClInclude>
    <ClInclude Include="Shader.h">
      <Filter>头文件\Core\Renderer\BasicModule</Filter>
    </ClInclude>
    <ClInclude Include="Transform.h">
      <Filter>头文件\Core\Renderer\BasicModule</Filter>
    </ClInclude>
    <ClInclude Include="RectTransform.h">
      <Filter>头文件\Core\Renderer\BasicModule</Filter>
    </ClInclude>
    <ClInclude Include="Behaviour.h">
      <Filter>头文件\Core\Renderer\BasicModule</Filter>
    </ClInclude>
    <ClInclude Include="Layer.h">
      <Filter>头文件\Core\Renderer\BasicModule</Filter>
    </ClInclude>
    <ClInclude Include="AssetLoader.h">
      <Filter>头文件\Extension\Resources</Filter>
    </ClInclude>
    <ClInclude Include="ModelLoader.h">
      <Filter>头文件\Extension\Resources</Filter>
    </ClInclude>
    <ClInclude Include="TextureLoader.h">
      <Filter>头文件\Extension\Resources</Filter>
    </ClInclude>
    <ClInclude Include="Environment.h">
      <Filter>头文件\Core\Graphic</Filter>
    </ClInclude>
    <ClInclude Include="Vertex.h">
      <Filter>头文件\Core\Renderer\BasicModule</Filter>
    </ClInclude>
    <ClInclude Include="FPS.h">
      <Filter>头文件\Editor\Gizmos</Filter>
    </ClInclude>
    <ClInclude Include="MaterialTexture.h">
      <Filter>头文件\Core\Renderer\BasicModule</Filter>
    </ClInclude>
    <ClInclude Include="Timer.h">
      <Filter>头文件\Extension\Timer</Filter>
    </ClInclude>
    <ClInclude Include="Screen.h">
      <Filter>头文件\Core\Graphic</Filter>
    </ClInclude>
    <ClInclude Include="Console.h">
      <Filter>头文件\Extension</Filter>
    </ClInclude>
    <ClInclude Include="Primitive.h">
      <Filter>头文件\Extension</Filter>
    </ClInclude>
    <ClInclude Include="Space.h">
      <Filter>头文件\Editor\Gizmos</Filter>
    </ClInclude>
    <ClInclude Include="FirstPlayerCamera.h">
      <Filter>头文件\Extension\Camera</Filter>
    </ClInclude>
    <ClInclude Include="OrbitCamera.h">
      <Filter>头文件\Extension\Camera</Filter>
    </ClInclude>
    <ClInclude Include="PostprocessEditor.h">
      <Filter>头文件\Editor\Extension</Filter>
    </ClInclude>
    <ClInclude Include="ToneMapping.h">
      <Filter>头文件\Core\Renderer\PostProcessing</Filter>
    </ClInclude>
    <ClInclude Include="Picking.h">
      <Filter>头文件\Core\Physical\Picking</Filter>
    </ClInclude>
    <ClInclude Include="Outline.h">
      <Filter>头文件\Core\Renderer\PostProcessing</Filter>
    </ClInclude>
    <ClInclude Include="Serializer.h">
      <Filter>头文件\Extension\Serialize</Filter>
    </ClInclude>
    <ClInclude Include="JsonSerializer.h">
      <Filter>头文件\Extension\Serialize</Filter>
    </ClInclude>
    <ClInclude Include="SceneSerializer.h">
      <Filter>头文件\Extension\Scene</Filter>
    </ClInclude>
    <ClInclude Include="MenuWindow.h">
      <Filter>头文件\Editor\Core</Filter>
    </ClInclude>
    <ClInclude Include="StatusWindow.h">
      <Filter>头文件\Editor\Core</Filter>
    </ClInclude>
  </ItemGroup>
  <ItemGroup>
    <ClCompile Include="spring.cpp">
      <Filter>源文件</Filter>
    </ClCompile>
    <ClCompile Include="Input.cpp">
      <Filter>源文件\Extension\Input</Filter>
    </ClCompile>
    <ClCompile Include="Skybox.cpp">
      <Filter>源文件\Core\Renderer\Skybox</Filter>
    </ClCompile>
    <ClCompile Include="FileIO.cpp">
      <Filter>源文件\Extension\IO</Filter>
    </ClCompile>
    <ClCompile Include="NotImplementException.cpp">
      <Filter>源文件\Extension</Filter>
    </ClCompile>
    <ClCompile Include="Light.cpp">
      <Filter>源文件\Core\Lights</Filter>
    </ClCompile>
    <ClCompile Include="Resources.cpp">
      <Filter>源文件\Extension\Resources</Filter>
    </ClCompile>
    <ClCompile Include="Scene.cpp">
      <Filter>源文件\Extension\Scene</Filter>
    </ClCompile>
    <ClCompile Include="Vector2.cpp">
      <Filter>源文件\Extension\Math</Filter>
    </ClCompile>
    <ClCompile Include="Vector3.cpp">
      <Filter>源文件\Extension\Math</Filter>
    </ClCompile>
    <ClCompile Include="Vector4.cpp">
      <Filter>源文件\Extension\Math</Filter>
    </ClCompile>
    <ClCompile Include="Mathf.cpp">
      <Filter>源文件\Extension\Math</Filter>
    </ClCompile>
    <ClCompile Include="Gizmos.cpp">
      <Filter>源文件\Editor\Gizmos</Filter>
    </ClCompile>
    <ClCompile Include="AxisHelper.cpp">
      <Filter>源文件\Editor\Gizmos</Filter>
    </ClCompile>
    <ClCompile Include="Camera.cpp">
      <Filter>源文件\Core\Camera</Filter>
    </ClCompile>
    <ClCompile Include="Color.cpp">
      <Filter>源文件\Core\Color</Filter>
    </ClCompile>
    <ClCompile Include="Colorf.cpp">
      <Filter>源文件\Core\Color</Filter>
    </ClCompile>
    <ClCompile Include="Matrix4x4.cpp">
      <Filter>源文件\Extension\Math</Filter>
    </ClCompile>
    <ClCompile Include="Quaternion.cpp">
      <Filter>源文件\Extension\Math</Filter>
    </ClCompile>
    <ClCompile Include="Matrix2x2.cpp">
      <Filter>源文件\Extension\Math</Filter>
    </ClCompile>
    <ClCompile Include="SpringEngine.cpp">
      <Filter>源文件\Core</Filter>
    </ClCompile>
    <ClCompile Include="Application.cpp">
      <Filter>源文件\Core</Filter>
    </ClCompile>
    <ClCompile Include="Sample.cpp">
      <Filter>sample</Filter>
    </ClCompile>
    <ClCompile Include="Image.cpp">
      <Filter>源文件\Core\2D</Filter>
    </ClCompile>
    <ClCompile Include="UIElement.cpp">
      <Filter>源文件\Core\2D</Filter>
    </ClCompile>
    <ClCompile Include="GUI.cpp">
      <Filter>源文件\Core\2D</Filter>
    </ClCompile>
    <ClCompile Include="Rect.cpp">
      <Filter>源文件\Core\2D</Filter>
    </ClCompile>
    <ClCompile Include="FontEngine.cpp">
      <Filter>源文件\Core\Renderer\FontEngine</Filter>
    </ClCompile>
    <ClCompile Include="Character.cpp">
      <Filter>源文件\Core\Renderer\FontEngine</Filter>
    </ClCompile>
    <ClCompile Include="Font.cpp">
      <Filter>源文件\Core\Renderer\FontEngine</Filter>
    </ClCompile>
    <ClCompile Include="Text.cpp">
      <Filter>源文件\Core\2D</Filter>
    </ClCompile>
    <ClCompile Include="InstancedTechnology.cpp">
      <Filter>sample</Filter>
    </ClCompile>
    <ClCompile Include="PostProcessing.cpp">
      <Filter>源文件\Core\Renderer\PostProcessing</Filter>
    </ClCompile>
    <ClCompile Include="AntiAliasing.cpp">
      <Filter>源文件\Core\Renderer\PostProcessing</Filter>
    </ClCompile>
    <ClCompile Include="Bloom.cpp">
      <Filter>源文件\Core\Renderer\PostProcessing</Filter>
    </ClCompile>
    <ClCompile Include="imgui_widgets.cpp">
      <Filter>imgui</Filter>
    </ClCompile>
    <ClCompile Include="imgui.cpp">
      <Filter>imgui</Filter>
    </ClCompile>
    <ClCompile Include="imgui_draw.cpp">
      <Filter>imgui</Filter>
    </ClCompile>
    <ClCompile Include="imgui_impl_opengl3.cpp">
      <Filter>imgui</Filter>
    </ClCompile>
    <ClCompile Include="imgui_impl_glfw.cpp">
      <Filter>imgui</Filter>
    </ClCompile>
    <ClCompile Include="imgui_demo.cpp">
      <Filter>imgui</Filter>
    </ClCompile>
    <ClCompile Include="GUILayout.cpp">
      <Filter>源文件\Core\2D</Filter>
    </ClCompile>
    <ClCompile Include="Selection.cpp">
      <Filter>源文件\Editor</Filter>
    </ClCompile>
    <ClCompile Include="Cursor.cpp">
      <Filter>源文件\Extension\Input</Filter>
    </ClCompile>
    <ClCompile Include="physically_based_rendering.cpp">
      <Filter>sample</Filter>
    </ClCompile>
    <ClCompile Include="PhysicsBasedRendering.cpp">
      <Filter>源文件\Core\Renderer\PBR</Filter>
    </ClCompile>
    <ClCompile Include="ParticleRenderer.cpp">
      <Filter>源文件\Core\Renderer\Particle</Filter>
    </ClCompile>
    <ClCompile Include="Particle.cpp">
      <Filter>源文件\Core\Renderer\Particle</Filter>
    </ClCompile>
    <ClCompile Include="Graphic.cpp">
      <Filter>源文件\Core\Graphic</Filter>
    </ClCompile>
    <ClCompile Include="ParticleShapeModule.cpp">
      <Filter>源文件\Core\Renderer\Particle</Filter>
    </ClCompile>
    <ClCompile Include="EditorWindow.cpp">
      <Filter>源文件\Editor\Core</Filter>
    </ClCompile>
    <ClCompile Include="HierarchyWindow.cpp">
      <Filter>源文件\Editor\Core</Filter>
    </ClCompile>
    <ClCompile Include="InspectorWindow.cpp">
      <Filter>源文件\Editor\Core</Filter>
    </ClCompile>
    <ClCompile Include="SceneWindow.cpp">
      <Filter>源文件\Editor\Core</Filter>
    </ClCompile>
    <ClCompile Include="ParticleRendererEditor.cpp">
      <Filter>源文件\Editor\Extension</Filter>
    </ClCompile>
    <ClCompile Include="InspectorEditor.cpp">
      <Filter>源文件\Editor\Extension</Filter>
    </ClCompile>
    <ClCompile Include="ShaderCompiler.cpp">
      <Filter>源文件\Extension\tools\shader</Filter>
    </ClCompile>
    <ClCompile Include="MaterialEditor.cpp">
      <Filter>源文件\Editor\Extension</Filter>
    </ClCompile>
    <ClCompile Include="SpringEditor.cpp">
      <Filter>源文件\Editor</Filter>
    </ClCompile>
    <ClCompile Include="FullScreenRenderer.cpp">
      <Filter>源文件\Core\Renderer</Filter>
    </ClCompile>
    <ClCompile Include="InstancedRenderer.cpp">
      <Filter>源文件\Core\Renderer</Filter>
    </ClCompile>
    <ClCompile Include="Cubemap.cpp">
      <Filter>源文件\Extension\Resources</Filter>
    </ClCompile>
    <ClCompile Include="Texture.cpp">
      <Filter>源文件\Extension\Resources</Filter>
    </ClCompile>
    <ClCompile Include="AssetLoader.cpp">
      <Filter>源文件\Extension\Resources</Filter>
    </ClCompile>
    <ClCompile Include="ModelLoader.cpp">
      <Filter>源文件\Extension\Resources</Filter>
    </ClCompile>
    <ClCompile Include="TextureLoader.cpp">
      <Filter>源文件\Extension\Resources</Filter>
    </ClCompile>
    <ClCompile Include="Behaviour.cpp">
      <Filter>源文件\Core\Renderer\BasicModule</Filter>
    </ClCompile>
    <ClCompile Include="FrameBufferObject.cpp">
      <Filter>源文件\Core\Renderer\BasicModule</Filter>
    </ClCompile>
    <ClCompile Include="Layer.cpp">
      <Filter>源文件\Core\Renderer\BasicModule</Filter>
    </ClCompile>
    <ClCompile Include="Material.cpp">
      <Filter>源文件\Core\Renderer\BasicModule</Filter>
    </ClCompile>
    <ClCompile Include="Mesh.cpp">
      <Filter>源文件\Core\Renderer\BasicModule</Filter>
    </ClCompile>
    <ClCompile Include="Node.cpp">
      <Filter>源文件\Core\Renderer\BasicModule</Filter>
    </ClCompile>
    <ClCompile Include="Object.cpp">
      <Filter>源文件\Core\Renderer\BasicModule</Filter>
    </ClCompile>
    <ClCompile Include="RectTransform.cpp">
      <Filter>源文件\Core\Renderer\BasicModule</Filter>
    </ClCompile>
    <ClCompile Include="Renderable.cpp">
      <Filter>源文件\Core\Renderer\BasicModule</Filter>
    </ClCompile>
    <ClCompile Include="RenderOrder.cpp">
      <Filter>源文件\Core\Renderer\BasicModule</Filter>
    </ClCompile>
    <ClCompile Include="Shader.cpp">
      <Filter>源文件\Core\Renderer\BasicModule</Filter>
    </ClCompile>
    <ClCompile Include="Transform.cpp">
      <Filter>源文件\Core\Renderer\BasicModule</Filter>
    </ClCompile>
    <ClCompile Include="UniformBuffer.cpp">
      <Filter>源文件\Core\Renderer\BasicModule</Filter>
    </ClCompile>
    <ClCompile Include="Vertex.cpp">
      <Filter>源文件\Core\Renderer\BasicModule</Filter>
    </ClCompile>
    <ClCompile Include="FPS.cpp">
      <Filter>源文件\Editor\Gizmos</Filter>
    </ClCompile>
    <ClCompile Include="MaterialTexture.cpp">
      <Filter>源文件\Core\Renderer\BasicModule</Filter>
    </ClCompile>
    <ClCompile Include="Environment.cpp">
      <Filter>源文件\Core\Graphic</Filter>
    </ClCompile>
    <ClCompile Include="Timer.cpp">
      <Filter>源文件\Extension\Timer</Filter>
    </ClCompile>
    <ClCompile Include="Console.cpp">
      <Filter>源文件\Extension</Filter>
    </ClCompile>
    <ClCompile Include="Primitive.cpp">
      <Filter>源文件\Extension</Filter>
    </ClCompile>
    <ClCompile Include="Screen.cpp">
      <Filter>源文件\Core\Graphic</Filter>
    </ClCompile>
    <ClCompile Include="FirstPlayerCamera.cpp">
      <Filter>源文件\Extension\Camera</Filter>
    </ClCompile>
    <ClCompile Include="OrbitCamera.cpp">
      <Filter>源文件\Extension\Camera</Filter>
    </ClCompile>
    <ClCompile Include="MeshRenderer.cpp">
      <Filter>源文件\Core\Renderer\BasicModule</Filter>
    </ClCompile>
    <ClCompile Include="PostprocessEditor.cpp">
      <Filter>源文件\Editor\Extension</Filter>
    </ClCompile>
    <ClCompile Include="ToneMapping.cpp">
      <Filter>源文件\Core\Renderer\PostProcessing</Filter>
    </ClCompile>
    <ClCompile Include="Picking.cpp">
      <Filter>源文件\Core\Physical\Picking</Filter>
    </ClCompile>
    <ClCompile Include="Outline.cpp">
      <Filter>源文件\Core\Renderer\PostProcessing</Filter>
    </ClCompile>
    <ClCompile Include="Serializer.cpp">
      <Filter>源文件\Extension\Serialize</Filter>
    </ClCompile>
    <ClCompile Include="JsonSerializer.cpp">
      <Filter>源文件\Extension\Serialize</Filter>
    </ClCompile>
    <ClCompile Include="SceneSerializer.cpp">
      <Filter>源文件\Extension\Scene</Filter>
    </ClCompile>
    <ClCompile Include="MenuWindow.cpp">
      <Filter>源文件\Editor\Core</Filter>
    </ClCompile>
    <ClCompile Include="StatusWindow.cpp">
      <Filter>源文件\Editor\Core</Filter>
    </ClCompile>
  </ItemGroup>
</Project>